<?xml version="1.0" encoding="utf-8"?>
<Project ToolsVersion="4.0" xmlns="http://schemas.microsoft.com/developer/msbuild/2003">
  <ItemGroup>
    <Filter Include="GameBai">
      <UniqueIdentifier>{b7c91549-da04-4eee-96da-520fa8f75a57}</UniqueIdentifier>
    </Filter>
    <Filter Include="GameBai\src">
      <UniqueIdentifier>{8a7743df-99d6-42d7-8300-83c77d25c345}</UniqueIdentifier>
    </Filter>
    <Filter Include="GameBai\src\GameObject">
      <UniqueIdentifier>{486a991c-381d-4836-b7f7-6a9b4c66f5d8}</UniqueIdentifier>
    </Filter>
    <Filter Include="GameBai\src\GameManager">
      <UniqueIdentifier>{7027cc7e-3941-43d3-9fd3-7009a76c222b}</UniqueIdentifier>
    </Filter>
    <Filter Include="GameBai\src\GameStates">
      <UniqueIdentifier>{2a875364-1a2b-4ea6-a6fe-716988208916}</UniqueIdentifier>
    </Filter>
  </ItemGroup>
  <ItemGroup>
    <ClCompile Include="src\Application.cpp">
      <Filter>GameBai\src</Filter>
    </ClCompile>
    <ClCompile Include="src\GameBai.cpp">
      <Filter>GameBai\src</Filter>
    </ClCompile>
    <ClCompile Include="src\GameObject\Sprite2D.cpp">
      <Filter>GameBai\src\GameObject</Filter>
    </ClCompile>
    <ClCompile Include="src\GameObject\Camera.cpp">
      <Filter>GameBai\src\GameObject</Filter>
    </ClCompile>
    <ClCompile Include="src\GameObject\Sprite3D.cpp">
      <Filter>GameBai\src\GameObject</Filter>
    </ClCompile>
    <ClCompile Include="src\GameObject\Model.cpp">
      <Filter>GameBai\src\GameObject</Filter>
    </ClCompile>
    <ClCompile Include="src\GameObject\Shader.cpp">
      <Filter>GameBai\src\GameObject</Filter>
    </ClCompile>
    <ClCompile Include="src\GameObject\Texture.cpp">
      <Filter>GameBai\src\GameObject</Filter>
    </ClCompile>
    <ClCompile Include="src\GameObject\Text.cpp">
      <Filter>GameBai\src\GameObject</Filter>
    </ClCompile>
    <ClCompile Include="src\GameObject\Font.cpp">
      <Filter>GameBai\src\GameObject</Filter>
    </ClCompile>
    <ClCompile Include="src\GameStates\GameStateBase.cpp">
      <Filter>GameBai\src\GameStates</Filter>
    </ClCompile>
    <ClCompile Include="src\GameStates\GameStateMachine.cpp">
      <Filter>GameBai\src\GameStates</Filter>
    </ClCompile>
    <ClCompile Include="src\GameStates\GSIntro.cpp">
      <Filter>GameBai\src\GameStates</Filter>
    </ClCompile>
    <ClCompile Include="src\GameStates\GSMenu.cpp">
      <Filter>GameBai\src\GameStates</Filter>
    </ClCompile>
    <ClCompile Include="src\GameStates\GSTaiXiu.cpp">
      <Filter>GameBai\src\GameStates</Filter>
    </ClCompile>
    <ClCompile Include="src\GameManager\ResourceManagers.cpp">
      <Filter>GameBai\src\GameManager</Filter>
    </ClCompile>
    <ClCompile Include="src\GameObject\GameButton.cpp">
      <Filter>GameBai\src\GameObject</Filter>
    </ClCompile>
    <ClCompile Include="GSBauCua.cpp">
      <Filter>GameBai\src\GameStates</Filter>
    </ClCompile>
    <ClCompile Include="GSXocDia.cpp">
      <Filter>GameBai\src\GameStates</Filter>
    </ClCompile>
    <ClCompile Include="GSNapThe.cpp">
      <Filter>GameBai\src\GameStates</Filter>
    </ClCompile>
  </ItemGroup>
  <ItemGroup>
    <ClInclude Include="src\Application.h">
      <Filter>GameBai\src</Filter>
    </ClInclude>
    <ClInclude Include="src\GameConfig.h">
      <Filter>GameBai\src</Filter>
    </ClInclude>
    <ClInclude Include="src\GameManager\Singleton.h">
      <Filter>GameBai\src\GameManager</Filter>
    </ClInclude>
    <ClInclude Include="src\GameObject\BaseObject.h">
      <Filter>GameBai\src\GameObject</Filter>
    </ClInclude>
    <ClInclude Include="src\GameObject\Sprite2D.h">
      <Filter>GameBai\src\GameObject</Filter>
    </ClInclude>
    <ClInclude Include="src\GameObject\Camera.h">
      <Filter>GameBai\src\GameObject</Filter>
    </ClInclude>
    <ClInclude Include="src\GameObject\Sprite3D.h">
      <Filter>GameBai\src\GameObject</Filter>
    </ClInclude>
    <ClInclude Include="src\GameObject\Model.h">
      <Filter>GameBai\src\GameObject</Filter>
    </ClInclude>
    <ClInclude Include="src\GameObject\Shader.h">
      <Filter>GameBai\src\GameObject</Filter>
    </ClInclude>
    <ClInclude Include="src\GameObject\Texture.h">
      <Filter>GameBai\src\GameObject</Filter>
    </ClInclude>
    <ClInclude Include="src\GameObject\Text.h">
      <Filter>GameBai\src\GameObject</Filter>
    </ClInclude>
    <ClInclude Include="src\GameObject\Font.h">
      <Filter>GameBai\src\GameObject</Filter>
    </ClInclude>
    <ClInclude Include="src\GameStates\GameStateBase.h">
      <Filter>GameBai\src\GameStates</Filter>
    </ClInclude>
    <ClInclude Include="src\GameStates\GameStateMachine.h">
      <Filter>GameBai\src\GameStates</Filter>
    </ClInclude>
    <ClInclude Include="src\GameStates\GSIntro.h">
      <Filter>GameBai\src\GameStates</Filter>
    </ClInclude>
    <ClInclude Include="src\GameStates\GSMenu.h">
      <Filter>GameBai\src\GameStates</Filter>
    </ClInclude>
    <ClInclude Include="src\GameStates\GSTaiXiu.h">
      <Filter>GameBai\src\GameStates</Filter>
    </ClInclude>
    <ClInclude Include="src\GameManager\ResourceManagers.h">
      <Filter>GameBai\src\GameManager</Filter>
    </ClInclude>
    <ClInclude Include="src\GameObject\GameButton.h">
      <Filter>GameBai\src\GameObject</Filter>
    </ClInclude>
    <ClInclude Include="GSBauCua.h">
      <Filter>GameBai\src\GameStates</Filter>
    </ClInclude>
    <ClInclude Include="GSXocDia.h">
      <Filter>GameBai\src\GameStates</Filter>
    </ClInclude>
    <ClInclude Include="GSNapThe.h">
      <Filter>GameBai\src\GameStates</Filter>
    </ClInclude>
  </ItemGroup>
  <ItemGroup>
    <None Include="ClassDiagram.cd" />
  </ItemGroup>
</Project>